
Microsoft Visual Studio Solution File, Format Version 12.00
# Visual Studio Version 17
VisualStudioVersion = 17.6.33815.320
MinimumVisualStudioVersion = 10.0.40219.1
Project("{FAE04EC0-301F-11D3-BF4B-00C04F79EFBC}") = "VidareutvecklaLabb3", "VidareutvecklaLabb3.csproj", "{6EDEDAE0-837F-4164-862C-3893AC47E0AB}"
EndProject
Global
	GlobalSection(SolutionConfigurationPlatforms) = preSolution
		Debug|Any CPU = Debug|Any CPU
		Release|Any CPU = Release|Any CPU
	EndGlobalSection
	GlobalSection(ProjectConfigurationPlatforms) = postSolution
		{6EDEDAE0-837F-4164-862C-3893AC47E0AB}.Debug|Any CPU.ActiveCfg = Debug|Any CPU
		{6EDEDAE0-837F-4164-862C-3893AC47E0AB}.Debug|Any CPU.Build.0 = Debug|Any CPU
		{6EDEDAE0-837F-4164-862C-3893AC47E0AB}.Release|Any CPU.ActiveCfg = Release|Any CPU
		{6EDEDAE0-837F-4164-862C-3893AC47E0AB}.Release|Any CPU.Build.0 = Release|Any CPU
	EndGlobalSection
	GlobalSection(SolutionProperties) = preSolution
		HideSolutionNode = FALSE
	EndGlobalSection
	GlobalSection(ExtensibilityGlobals) = postSolution
		SolutionGuid = {6D96FD61-743F-41F8-A2F0-F2638AF30F23}
	EndGlobalSection
EndGlobal
